// !$*UTF8*$!
{
	archiveVersion = 1;
	classes = {
	};
	objectVersion = 52;
	objects = {

/* Begin PBXBuildFile section */
		C774F43826E878E8001A20E3 /* ChatApp.swift in Sources */ = {isa = PBXBuildFile; fileRef = C774F43726E878E8001A20E3 /* ChatApp.swift */; };
		C774F43A26E878E8001A20E3 /* ContentView.swift in Sources */ = {isa = PBXBuildFile; fileRef = C774F43926E878E8001A20E3 /* ContentView.swift */; };
		C774F43C26E878E9001A20E3 /* Assets.xcassets in Resources */ = {isa = PBXBuildFile; fileRef = C774F43B26E878E9001A20E3 /* Assets.xcassets */; };
		C774F43F26E878E9001A20E3 /* Preview Assets.xcassets in Resources */ = {isa = PBXBuildFile; fileRef = C774F43E26E878E9001A20E3 /* Preview Assets.xcassets */; };
		C774F44A26E878E9001A20E3 /* ChatTests.swift in Sources */ = {isa = PBXBuildFile; fileRef = C774F44926E878E9001A20E3 /* ChatTests.swift */; };
		C774F45526E878E9001A20E3 /* ChatUITests.swift in Sources */ = {isa = PBXBuildFile; fileRef = C774F45426E878E9001A20E3 /* ChatUITests.swift */; };
		C774F46426E878F4001A20E3 /* NCMB in Frameworks */ = {isa = PBXBuildFile; productRef = C774F46326E878F4001A20E3 /* NCMB */; };
		C774F46626E87917001A20E3 /* KeyManager.swift in Sources */ = {isa = PBXBuildFile; fileRef = C774F46526E87917001A20E3 /* KeyManager.swift */; };
		C774F46826E8792E001A20E3 /* ChatView.swift in Sources */ = {isa = PBXBuildFile; fileRef = C774F46726E8792E001A20E3 /* ChatView.swift */; };
		C774F46A26E87934001A20E3 /* APIKey.plist in Resources */ = {isa = PBXBuildFile; fileRef = C774F46926E87934001A20E3 /* APIKey.plist */; };
		C774F46C26E8793F001A20E3 /* NameView.swift in Sources */ = {isa = PBXBuildFile; fileRef = C774F46B26E8793F001A20E3 /* NameView.swift */; };
		C774F46F26E8794A001A20E3 /* ChatScreenModel.swift in Sources */ = {isa = PBXBuildFile; fileRef = C774F46D26E8794A001A20E3 /* ChatScreenModel.swift */; };
		C774F47026E8794A001A20E3 /* ChatMessageRow.swift in Sources */ = {isa = PBXBuildFile; fileRef = C774F46E26E8794A001A20E3 /* ChatMessageRow.swift */; };
/* End PBXBuildFile section */

/* Begin PBXContainerItemProxy section */
		C774F44626E878E9001A20E3 /* PBXContainerItemProxy */ = {
			isa = PBXContainerItemProxy;
			containerPortal = C774F42C26E878E8001A20E3 /* Project object */;
			proxyType = 1;
			remoteGlobalIDString = C774F43326E878E8001A20E3;
			remoteInfo = Chat;
		};
		C774F45126E878E9001A20E3 /* PBXContainerItemProxy */ = {
			isa = PBXContainerItemProxy;
			containerPortal = C774F42C26E878E8001A20E3 /* Project object */;
			proxyType = 1;
			remoteGlobalIDString = C774F43326E878E8001A20E3;
			remoteInfo = Chat;
		};
/* End PBXContainerItemProxy section */

/* Begin PBXFileReference section */
		C774F43426E878E8001A20E3 /* Chat.app */ = {isa = PBXFileReference; explicitFileType = wrapper.application; includeInIndex = 0; path = Chat.app; sourceTree = BUILT_PRODUCTS_DIR; };
		C774F43726E878E8001A20E3 /* ChatApp.swift */ = {isa = PBXFileReference; lastKnownFileType = sourcecode.swift; path = ChatApp.swift; sourceTree = "<group>"; };
		C774F43926E878E8001A20E3 /* ContentView.swift */ = {isa = PBXFileReference; lastKnownFileType = sourcecode.swift; path = ContentView.swift; sourceTree = "<group>"; };
		C774F43B26E878E9001A20E3 /* Assets.xcassets */ = {isa = PBXFileReference; lastKnownFileType = folder.assetcatalog; path = Assets.xcassets; sourceTree = "<group>"; };
		C774F43E26E878E9001A20E3 /* Preview Assets.xcassets */ = {isa = PBXFileReference; lastKnownFileType = folder.assetcatalog; path = "Preview Assets.xcassets"; sourceTree = "<group>"; };
		C774F44026E878E9001A20E3 /* Info.plist */ = {isa = PBXFileReference; lastKnownFileType = text.plist.xml; path = Info.plist; sourceTree = "<group>"; };
		C774F44526E878E9001A20E3 /* ChatTests.xctest */ = {isa = PBXFileReference; explicitFileType = wrapper.cfbundle; includeInIndex = 0; path = ChatTests.xctest; sourceTree = BUILT_PRODUCTS_DIR; };
		C774F44926E878E9001A20E3 /* ChatTests.swift */ = {isa = PBXFileReference; lastKnownFileType = sourcecode.swift; path = ChatTests.swift; sourceTree = "<group>"; };
		C774F44B26E878E9001A20E3 /* Info.plist */ = {isa = PBXFileReference; lastKnownFileType = text.plist.xml; path = Info.plist; sourceTree = "<group>"; };
		C774F45026E878E9001A20E3 /* ChatUITests.xctest */ = {isa = PBXFileReference; explicitFileType = wrapper.cfbundle; includeInIndex = 0; path = ChatUITests.xctest; sourceTree = BUILT_PRODUCTS_DIR; };
		C774F45426E878E9001A20E3 /* ChatUITests.swift */ = {isa = PBXFileReference; lastKnownFileType = sourcecode.swift; path = ChatUITests.swift; sourceTree = "<group>"; };
		C774F45626E878E9001A20E3 /* Info.plist */ = {isa = PBXFileReference; lastKnownFileType = text.plist.xml; path = Info.plist; sourceTree = "<group>"; };
		C774F46526E87917001A20E3 /* KeyManager.swift */ = {isa = PBXFileReference; fileEncoding = 4; lastKnownFileType = sourcecode.swift; path = KeyManager.swift; sourceTree = "<group>"; };
		C774F46726E8792E001A20E3 /* ChatView.swift */ = {isa = PBXFileReference; fileEncoding = 4; lastKnownFileType = sourcecode.swift; path = ChatView.swift; sourceTree = "<group>"; };
		C774F46926E87934001A20E3 /* APIKey.plist */ = {isa = PBXFileReference; fileEncoding = 4; lastKnownFileType = text.plist.xml; path = APIKey.plist; sourceTree = "<group>"; };
		C774F46B26E8793F001A20E3 /* NameView.swift */ = {isa = PBXFileReference; fileEncoding = 4; lastKnownFileType = sourcecode.swift; path = NameView.swift; sourceTree = "<group>"; };
		C774F46D26E8794A001A20E3 /* ChatScreenModel.swift */ = {isa = PBXFileReference; fileEncoding = 4; lastKnownFileType = sourcecode.swift; path = ChatScreenModel.swift; sourceTree = "<group>"; };
		C774F46E26E8794A001A20E3 /* ChatMessageRow.swift */ = {isa = PBXFileReference; fileEncoding = 4; lastKnownFileType = sourcecode.swift; path = ChatMessageRow.swift; sourceTree = "<group>"; };
/* End PBXFileReference section */

/* Begin PBXFrameworksBuildPhase section */
		C774F43126E878E8001A20E3 /* Frameworks */ = {
			isa = PBXFrameworksBuildPhase;
			buildActionMask = 2147483647;
			files = (
				C774F46426E878F4001A20E3 /* NCMB in Frameworks */,
			);
			runOnlyForDeploymentPostprocessing = 0;
		};
		C774F44226E878E9001A20E3 /* Frameworks */ = {
			isa = PBXFrameworksBuildPhase;
			buildActionMask = 2147483647;
			files = (
			);
			runOnlyForDeploymentPostprocessing = 0;
		};
		C774F44D26E878E9001A20E3 /* Frameworks */ = {
			isa = PBXFrameworksBuildPhase;
			buildActionMask = 2147483647;
			files = (
			);
			runOnlyForDeploymentPostprocessing = 0;
		};
/* End PBXFrameworksBuildPhase section */

/* Begin PBXGroup section */
		C774F42B26E878E8001A20E3 = {
			isa = PBXGroup;
			children = (
				C774F43626E878E8001A20E3 /* Chat */,
				C774F44826E878E9001A20E3 /* ChatTests */,
				C774F45326E878E9001A20E3 /* ChatUITests */,
				C774F43526E878E8001A20E3 /* Products */,
			);
			sourceTree = "<group>";
		};
		C774F43526E878E8001A20E3 /* Products */ = {
			isa = PBXGroup;
			children = (
				C774F43426E878E8001A20E3 /* Chat.app */,
				C774F44526E878E9001A20E3 /* ChatTests.xctest */,
				C774F45026E878E9001A20E3 /* ChatUITests.xctest */,
			);
			name = Products;
			sourceTree = "<group>";
		};
		C774F43626E878E8001A20E3 /* Chat */ = {
			isa = PBXGroup;
			children = (
				C774F46E26E8794A001A20E3 /* ChatMessageRow.swift */,
				C774F46D26E8794A001A20E3 /* ChatScreenModel.swift */,
				C774F46B26E8793F001A20E3 /* NameView.swift */,
				C774F46926E87934001A20E3 /* APIKey.plist */,
				C774F46726E8792E001A20E3 /* ChatView.swift */,
				C774F46526E87917001A20E3 /* KeyManager.swift */,
				C774F43726E878E8001A20E3 /* ChatApp.swift */,
				C774F43926E878E8001A20E3 /* ContentView.swift */,
				C774F43B26E878E9001A20E3 /* Assets.xcassets */,
				C774F44026E878E9001A20E3 /* Info.plist */,
				C774F43D26E878E9001A20E3 /* Preview Content */,
			);
			path = Chat;
			sourceTree = "<group>";
		};
		C774F43D26E878E9001A20E3 /* Preview Content */ = {
			isa = PBXGroup;
			children = (
				C774F43E26E878E9001A20E3 /* Preview Assets.xcassets */,
			);
			path = "Preview Content";
			sourceTree = "<group>";
		};
		C774F44826E878E9001A20E3 /* ChatTests */ = {
			isa = PBXGroup;
			children = (
				C774F44926E878E9001A20E3 /* ChatTests.swift */,
				C774F44B26E878E9001A20E3 /* Info.plist */,
			);
			path = ChatTests;
			sourceTree = "<group>";
		};
		C774F45326E878E9001A20E3 /* ChatUITests */ = {
			isa = PBXGroup;
			children = (
				C774F45426E878E9001A20E3 /* ChatUITests.swift */,
				C774F45626E878E9001A20E3 /* Info.plist */,
			);
			path = ChatUITests;
			sourceTree = "<group>";
		};
/* End PBXGroup section */

/* Begin PBXNativeTarget section */
		C774F43326E878E8001A20E3 /* Chat */ = {
			isa = PBXNativeTarget;
			buildConfigurationList = C774F45926E878E9001A20E3 /* Build configuration list for PBXNativeTarget "Chat" */;
			buildPhases = (
				C774F43026E878E8001A20E3 /* Sources */,
				C774F43126E878E8001A20E3 /* Frameworks */,
				C774F43226E878E8001A20E3 /* Resources */,
			);
			buildRules = (
			);
			dependencies = (
			);
			name = Chat;
			packageProductDependencies = (
				C774F46326E878F4001A20E3 /* NCMB */,
			);
			productName = Chat;
			productReference = C774F43426E878E8001A20E3 /* Chat.app */;
			productType = "com.apple.product-type.application";
		};
		C774F44426E878E9001A20E3 /* ChatTests */ = {
			isa = PBXNativeTarget;
			buildConfigurationList = C774F45C26E878E9001A20E3 /* Build configuration list for PBXNativeTarget "ChatTests" */;
			buildPhases = (
				C774F44126E878E9001A20E3 /* Sources */,
				C774F44226E878E9001A20E3 /* Frameworks */,
				C774F44326E878E9001A20E3 /* Resources */,
			);
			buildRules = (
			);
			dependencies = (
				C774F44726E878E9001A20E3 /* PBXTargetDependency */,
			);
			name = ChatTests;
			productName = ChatTests;
			productReference = C774F44526E878E9001A20E3 /* ChatTests.xctest */;
			productType = "com.apple.product-type.bundle.unit-test";
		};
		C774F44F26E878E9001A20E3 /* ChatUITests */ = {
			isa = PBXNativeTarget;
			buildConfigurationList = C774F45F26E878E9001A20E3 /* Build configuration list for PBXNativeTarget "ChatUITests" */;
			buildPhases = (
				C774F44C26E878E9001A20E3 /* Sources */,
				C774F44D26E878E9001A20E3 /* Frameworks */,
				C774F44E26E878E9001A20E3 /* Resources */,
			);
			buildRules = (
			);
			dependencies = (
				C774F45226E878E9001A20E3 /* PBXTargetDependency */,
			);
			name = ChatUITests;
			productName = ChatUITests;
			productReference = C774F45026E878E9001A20E3 /* ChatUITests.xctest */;
			productType = "com.apple.product-type.bundle.ui-testing";
		};
/* End PBXNativeTarget section */

/* Begin PBXProject section */
		C774F42C26E878E8001A20E3 /* Project object */ = {
			isa = PBXProject;
			attributes = {
				LastSwiftUpdateCheck = 1250;
				LastUpgradeCheck = 1250;
				TargetAttributes = {
					C774F43326E878E8001A20E3 = {
						CreatedOnToolsVersion = 12.5.1;
					};
					C774F44426E878E9001A20E3 = {
						CreatedOnToolsVersion = 12.5.1;
						TestTargetID = C774F43326E878E8001A20E3;
					};
					C774F44F26E878E9001A20E3 = {
						CreatedOnToolsVersion = 12.5.1;
						TestTargetID = C774F43326E878E8001A20E3;
					};
				};
			};
			buildConfigurationList = C774F42F26E878E8001A20E3 /* Build configuration list for PBXProject "Chat" */;
			compatibilityVersion = "Xcode 9.3";
			developmentRegion = en;
			hasScannedForEncodings = 0;
			knownRegions = (
				en,
				Base,
			);
			mainGroup = C774F42B26E878E8001A20E3;
			packageReferences = (
				C774F46226E878F4001A20E3 /* XCRemoteSwiftPackageReference "ncmb_swift" */,
			);
			productRefGroup = C774F43526E878E8001A20E3 /* Products */;
			projectDirPath = "";
			projectRoot = "";
			targets = (
				C774F43326E878E8001A20E3 /* Chat */,
				C774F44426E878E9001A20E3 /* ChatTests */,
				C774F44F26E878E9001A20E3 /* ChatUITests */,
			);
		};
/* End PBXProject section */

/* Begin PBXResourcesBuildPhase section */
		C774F43226E878E8001A20E3 /* Resources */ = {
			isa = PBXResourcesBuildPhase;
			buildActionMask = 2147483647;
			files = (
				C774F46A26E87934001A20E3 /* APIKey.plist in Resources */,
				C774F43F26E878E9001A20E3 /* Preview Assets.xcassets in Resources */,
				C774F43C26E878E9001A20E3 /* Assets.xcassets in Resources */,
			);
			runOnlyForDeploymentPostprocessing = 0;
		};
		C774F44326E878E9001A20E3 /* Resources */ = {
			isa = PBXResourcesBuildPhase;
			buildActionMask = 2147483647;
			files = (
			);
			runOnlyForDeploymentPostprocessing = 0;
		};
		C774F44E26E878E9001A20E3 /* Resources */ = {
			isa = PBXResourcesBuildPhase;
			buildActionMask = 2147483647;
			files = (
			);
			runOnlyForDeploymentPostprocessing = 0;
		};
/* End PBXResourcesBuildPhase section */

/* Begin PBXSourcesBuildPhase section */
		C774F43026E878E8001A20E3 /* Sources */ = {
			isa = PBXSourcesBuildPhase;
			buildActionMask = 2147483647;
			files = (
				C774F47026E8794A001A20E3 /* ChatMessageRow.swift in Sources */,
				C774F46826E8792E001A20E3 /* ChatView.swift in Sources */,
				C774F43A26E878E8001A20E3 /* ContentView.swift in Sources */,
				C774F46C26E8793F001A20E3 /* NameView.swift in Sources */,
				C774F46F26E8794A001A20E3 /* ChatScreenModel.swift in Sources */,
				C774F43826E878E8001A20E3 /* ChatApp.swift in Sources */,
				C774F46626E87917001A20E3 /* KeyManager.swift in Sources */,
			);
			runOnlyForDeploymentPostprocessing = 0;
		};
		C774F44126E878E9001A20E3 /* Sources */ = {
			isa = PBXSourcesBuildPhase;
			buildActionMask = 2147483647;
			files = (
				C774F44A26E878E9001A20E3 /* ChatTests.swift in Sources */,
			);
			runOnlyForDeploymentPostprocessing = 0;
		};
		C774F44C26E878E9001A20E3 /* Sources */ = {
			isa = PBXSourcesBuildPhase;
			buildActionMask = 2147483647;
			files = (
				C774F45526E878E9001A20E3 /* ChatUITests.swift in Sources */,
			);
			runOnlyForDeploymentPostprocessing = 0;
		};
/* End PBXSourcesBuildPhase section */

/* Begin PBXTargetDependency section */
		C774F44726E878E9001A20E3 /* PBXTargetDependency */ = {
			isa = PBXTargetDependency;
			target = C774F43326E878E8001A20E3 /* Chat */;
			targetProxy = C774F44626E878E9001A20E3 /* PBXContainerItemProxy */;
		};
		C774F45226E878E9001A20E3 /* PBXTargetDependency */ = {
			isa = PBXTargetDependency;
			target = C774F43326E878E8001A20E3 /* Chat */;
			targetProxy = C774F45126E878E9001A20E3 /* PBXContainerItemProxy */;
		};
/* End PBXTargetDependency section */

/* Begin XCBuildConfiguration section */
		C774F45726E878E9001A20E3 /* Debug */ = {
			isa = XCBuildConfiguration;
			buildSettings = {
				ALWAYS_SEARCH_USER_PATHS = NO;
				CLANG_ANALYZER_NONNULL = YES;
				CLANG_ANALYZER_NUMBER_OBJECT_CONVERSION = YES_AGGRESSIVE;
				CLANG_CXX_LANGUAGE_STANDARD = "gnu++14";
				CLANG_CXX_LIBRARY = "libc++";
				CLANG_ENABLE_MODULES = YES;
				CLANG_ENABLE_OBJC_ARC = YES;
				CLANG_ENABLE_OBJC_WEAK = YES;
				CLANG_WARN_BLOCK_CAPTURE_AUTORELEASING = YES;
				CLANG_WARN_BOOL_CONVERSION = YES;
				CLANG_WARN_COMMA = YES;
				CLANG_WARN_CONSTANT_CONVERSION = YES;
				CLANG_WARN_DEPRECATED_OBJC_IMPLEMENTATIONS = YES;
				CLANG_WARN_DIRECT_OBJC_ISA_USAGE = YES_ERROR;
				CLANG_WARN_DOCUMENTATION_COMMENTS = YES;
				CLANG_WARN_EMPTY_BODY = YES;
				CLANG_WARN_ENUM_CONVERSION = YES;
				CLANG_WARN_INFINITE_RECURSION = YES;
				CLANG_WARN_INT_CONVERSION = YES;
				CLANG_WARN_NON_LITERAL_NULL_CONVERSION = YES;
				CLANG_WARN_OBJC_IMPLICIT_RETAIN_SELF = YES;
				CLANG_WARN_OBJC_LITERAL_CONVERSION = YES;
				CLANG_WARN_OBJC_ROOT_CLASS = YES_ERROR;
				CLANG_WARN_QUOTED_INCLUDE_IN_FRAMEWORK_HEADER = YES;
				CLANG_WARN_RANGE_LOOP_ANALYSIS = YES;
				CLANG_WARN_STRICT_PROTOTYPES = YES;
				CLANG_WARN_SUSPICIOUS_MOVE = YES;
				CLANG_WARN_UNGUARDED_AVAILABILITY = YES_AGGRESSIVE;
				CLANG_WARN_UNREACHABLE_CODE = YES;
				CLANG_WARN__DUPLICATE_METHOD_MATCH = YES;
				COPY_PHASE_STRIP = NO;
				DEBUG_INFORMATION_FORMAT = dwarf;
				ENABLE_STRICT_OBJC_MSGSEND = YES;
				ENABLE_TESTABILITY = YES;
				GCC_C_LANGUAGE_STANDARD = gnu11;
				GCC_DYNAMIC_NO_PIC = NO;
				GCC_NO_COMMON_BLOCKS = YES;
				GCC_OPTIMIZATION_LEVEL = 0;
				GCC_PREPROCESSOR_DEFINITIONS = (
					"DEBUG=1",
					"$(inherited)",
				);
				GCC_WARN_64_TO_32_BIT_CONVERSION = YES;
				GCC_WARN_ABOUT_RETURN_TYPE = YES_ERROR;
				GCC_WARN_UNDECLARED_SELECTOR = YES;
				GCC_WARN_UNINITIALIZED_AUTOS = YES_AGGRESSIVE;
				GCC_WARN_UNUSED_FUNCTION = YES;
				GCC_WARN_UNUSED_VARIABLE = YES;
				IPHONEOS_DEPLOYMENT_TARGET = 14.5;
				MTL_ENABLE_DEBUG_INFO = INCLUDE_SOURCE;
				MTL_FAST_MATH = YES;
				ONLY_ACTIVE_ARCH = YES;
				SDKROOT = iphoneos;
				SWIFT_ACTIVE_COMPILATION_CONDITIONS = DEBUG;
				SWIFT_OPTIMIZATION_LEVEL = "-Onone";
			};
			name = Debug;
		};
		C774F45826E878E9001A20E3 /* Release */ = {
			isa = XCBuildConfiguration;
			buildSettings = {
				ALWAYS_SEARCH_USER_PATHS = NO;
				CLANG_ANALYZER_NONNULL = YES;
				CLANG_ANALYZER_NUMBER_OBJECT_CONVERSION = YES_AGGRESSIVE;
				CLANG_CXX_LANGUAGE_STANDARD = "gnu++14";
				CLANG_CXX_LIBRARY = "libc++";
				CLANG_ENABLE_MODULES = YES;
				CLANG_ENABLE_OBJC_ARC = YES;
				CLANG_ENABLE_OBJC_WEAK = YES;
				CLANG_WARN_BLOCK_CAPTURE_AUTORELEASING = YES;
				CLANG_WARN_BOOL_CONVERSION = YES;
				CLANG_WARN_COMMA = YES;
				CLANG_WARN_CONSTANT_CONVERSION = YES;
				CLANG_WARN_DEPRECATED_OBJC_IMPLEMENTATIONS = YES;
				CLANG_WARN_DIRECT_OBJC_ISA_USAGE = YES_ERROR;
				CLANG_WARN_DOCUMENTATION_COMMENTS = YES;
				CLANG_WARN_EMPTY_BODY = YES;
				CLANG_WARN_ENUM_CONVERSION = YES;
				CLANG_WARN_INFINITE_RECURSION = YES;
				CLANG_WARN_INT_CONVERSION = YES;
				CLANG_WARN_NON_LITERAL_NULL_CONVERSION = YES;
				CLANG_WARN_OBJC_IMPLICIT_RETAIN_SELF = YES;
				CLANG_WARN_OBJC_LITERAL_CONVERSION = YES;
				CLANG_WARN_OBJC_ROOT_CLASS = YES_ERROR;
				CLANG_WARN_QUOTED_INCLUDE_IN_FRAMEWORK_HEADER = YES;
				CLANG_WARN_RANGE_LOOP_ANALYSIS = YES;
				CLANG_WARN_STRICT_PROTOTYPES = YES;
				CLANG_WARN_SUSPICIOUS_MOVE = YES;
				CLANG_WARN_UNGUARDED_AVAILABILITY = YES_AGGRESSIVE;
				CLANG_WARN_UNREACHABLE_CODE = YES;
				CLANG_WARN__DUPLICATE_METHOD_MATCH = YES;
				COPY_PHASE_STRIP = NO;
				DEBUG_INFORMATION_FORMAT = "dwarf-with-dsym";
				ENABLE_NS_ASSERTIONS = NO;
				ENABLE_STRICT_OBJC_MSGSEND = YES;
				GCC_C_LANGUAGE_STANDARD = gnu11;
				GCC_NO_COMMON_BLOCKS = YES;
				GCC_WARN_64_TO_32_BIT_CONVERSION = YES;
				GCC_WARN_ABOUT_RETURN_TYPE = YES_ERROR;
				GCC_WARN_UNDECLARED_SELECTOR = YES;
				GCC_WARN_UNINITIALIZED_AUTOS = YES_AGGRESSIVE;
				GCC_WARN_UNUSED_FUNCTION = YES;
				GCC_WARN_UNUSED_VARIABLE = YES;
				IPHONEOS_DEPLOYMENT_TARGET = 14.5;
				MTL_ENABLE_DEBUG_INFO = NO;
				MTL_FAST_MATH = YES;
				SDKROOT = iphoneos;
				SWIFT_COMPILATION_MODE = wholemodule;
				SWIFT_OPTIMIZATION_LEVEL = "-O";
				VALIDATE_PRODUCT = YES;
			};
			name = Release;
		};
		C774F45A26E878E9001A20E3 /* Debug */ = {
			isa = XCBuildConfiguration;
			buildSettings = {
				ASSETCATALOG_COMPILER_APPICON_NAME = AppIcon;
				ASSETCATALOG_COMPILER_GLOBAL_ACCENT_COLOR_NAME = AccentColor;
				CODE_SIGN_STYLE = Automatic;
				DEVELOPMENT_ASSET_PATHS = "\"Chat/Preview Content\"";
				ENABLE_PREVIEWS = YES;
				INFOPLIST_FILE = Chat/Info.plist;
				IPHONEOS_DEPLOYMENT_TARGET = 14.0;
				LD_RUNPATH_SEARCH_PATHS = (
					"$(inherited)",
					"@executable_path/Frameworks",
				);
				PRODUCT_BUNDLE_IDENTIFIER = jp.moongift.Chat;
				PRODUCT_NAME = "$(TARGET_NAME)";
				SWIFT_VERSION = 5.0;
				TARGETED_DEVICE_FAMILY = "1,2";
			};
			name = Debug;
		};
		C774F45B26E878E9001A20E3 /* Release */ = {
			isa = XCBuildConfiguration;
			buildSettings = {
				ASSETCATALOG_COMPILER_APPICON_NAME = AppIcon;
				ASSETCATALOG_COMPILER_GLOBAL_ACCENT_COLOR_NAME = AccentColor;
				CODE_SIGN_STYLE = Automatic;
				DEVELOPMENT_ASSET_PATHS = "\"Chat/Preview Content\"";
				ENABLE_PREVIEWS = YES;
				INFOPLIST_FILE = Chat/Info.plist;
				IPHONEOS_DEPLOYMENT_TARGET = 14.0;
				LD_RUNPATH_SEARCH_PATHS = (
					"$(inherited)",
					"@executable_path/Frameworks",
				);
				PRODUCT_BUNDLE_IDENTIFIER = jp.moongift.Chat;
				PRODUCT_NAME = "$(TARGET_NAME)";
				SWIFT_VERSION = 5.0;
				TARGETED_DEVICE_FAMILY = "1,2";
			};
			name = Release;
		};
		C774F45D26E878E9001A20E3 /* Debug */ = {
			isa = XCBuildConfiguration;
			buildSettings = {
				ALWAYS_EMBED_SWIFT_STANDARD_LIBRARIES = YES;
				BUNDLE_LOADER = "$(TEST_HOST)";
				CODE_SIGN_STYLE = Automatic;
				INFOPLIST_FILE = ChatTests/Info.plist;
				IPHONEOS_DEPLOYMENT_TARGET = 14.0;
				LD_RUNPATH_SEARCH_PATHS = (
					"$(inherited)",
					"@executable_path/Frameworks",
					"@loader_path/Frameworks",
				);
				PRODUCT_BUNDLE_IDENTIFIER = jp.moongift.ChatTests;
				PRODUCT_NAME = "$(TARGET_NAME)";
				SWIFT_VERSION = 5.0;
				TARGETED_DEVICE_FAMILY = "1,2";
				TEST_HOST = "$(BUILT_PRODUCTS_DIR)/Chat.app/Chat";
			};
			name = Debug;
		};
		C774F45E26E878E9001A20E3 /* Release */ = {
			isa = XCBuildConfiguration;
			buildSettings = {
				ALWAYS_EMBED_SWIFT_STANDARD_LIBRARIES = YES;
				BUNDLE_LOADER = "$(TEST_HOST)";
				CODE_SIGN_STYLE = Automatic;
				INFOPLIST_FILE = ChatTests/Info.plist;
				IPHONEOS_DEPLOYMENT_TARGET = 14.0;
				LD_RUNPATH_SEARCH_PATHS = (
					"$(inherited)",
					"@executable_path/Frameworks",
					"@loader_path/Frameworks",
				);
				PRODUCT_BUNDLE_IDENTIFIER = jp.moongift.ChatTests;
				PRODUCT_NAME = "$(TARGET_NAME)";
				SWIFT_VERSION = 5.0;
				TARGETED_DEVICE_FAMILY = "1,2";
				TEST_HOST = "$(BUILT_PRODUCTS_DIR)/Chat.app/Chat";
			};
			name = Release;
		};
		C774F46026E878E9001A20E3 /* Debug */ = {
			isa = XCBuildConfiguration;
			buildSettings = {
				ALWAYS_EMBED_SWIFT_STANDARD_LIBRARIES = YES;
				CODE_SIGN_STYLE = Automatic;
				INFOPLIST_FILE = ChatUITests/Info.plist;
				LD_RUNPATH_SEARCH_PATHS = (
					"$(inherited)",
					"@executable_path/Frameworks",
					"@loader_path/Frameworks",
				);
				PRODUCT_BUNDLE_IDENTIFIER = jp.moongift.ChatUITests;
				PRODUCT_NAME = "$(TARGET_NAME)";
				SWIFT_VERSION = 5.0;
				TARGETED_DEVICE_FAMILY = "1,2";
				TEST_TARGET_NAME = Chat;
			};
			name = Debug;
		};
		C774F46126E878E9001A20E3 /* Release */ = {
			isa = XCBuildConfiguration;
			buildSettings = {
				ALWAYS_EMBED_SWIFT_STANDARD_LIBRARIES = YES;
				CODE_SIGN_STYLE = Automatic;
				INFOPLIST_FILE = ChatUITests/Info.plist;
				LD_RUNPATH_SEARCH_PATHS = (
					"$(inherited)",
					"@executable_path/Frameworks",
					"@loader_path/Frameworks",
				);
				PRODUCT_BUNDLE_IDENTIFIER = jp.moongift.ChatUITests;
				PRODUCT_NAME = "$(TARGET_NAME)";
				SWIFT_VERSION = 5.0;
				TARGETED_DEVICE_FAMILY = "1,2";
				TEST_TARGET_NAME = Chat;
			};
			name = Release;
		};
/* End XCBuildConfiguration section */

/* Begin XCConfigurationList section */
		C774F42F26E878E8001A20E3 /* Build configuration list for PBXProject "Chat" */ = {
			isa = XCConfigurationList;
			buildConfigurations = (
				C774F45726E878E9001A20E3 /* Debug */,
				C774F45826E878E9001A20E3 /* Release */,
			);
			defaultConfigurationIsVisible = 0;
			defaultConfigurationName = Release;
		};
		C774F45926E878E9001A20E3 /* Build configuration list for PBXNativeTarget "Chat" */ = {
			isa = XCConfigurationList;
			buildConfigurations = (
				C774F45A26E878E9001A20E3 /* Debug */,
				C774F45B26E878E9001A20E3 /* Release */,
			);
			defaultConfigurationIsVisible = 0;
			defaultConfigurationName = Release;
		};
		C774F45C26E878E9001A20E3 /* Build configuration list for PBXNativeTarget "ChatTests" */ = {
			isa = XCConfigurationList;
			buildConfigurations = (
				C774F45D26E878E9001A20E3 /* Debug */,
				C774F45E26E878E9001A20E3 /* Release */,
			);
			defaultConfigurationIsVisible = 0;
			defaultConfigurationName = Release;
		};
		C774F45F26E878E9001A20E3 /* Build configuration list for PBXNativeTarget "ChatUITests" */ = {
			isa = XCConfigurationList;
			buildConfigurations = (
				C774F46026E878E9001A20E3 /* Debug */,
				C774F46126E878E9001A20E3 /* Release */,
			);
			defaultConfigurationIsVisible = 0;
			defaultConfigurationName = Release;
		};
/* End XCConfigurationList section */

/* Begin XCRemoteSwiftPackageReference section */
		C774F46226E878F4001A20E3 /* XCRemoteSwiftPackageReference "ncmb_swift" */ = {
			isa = XCRemoteSwiftPackageReference;
			repositoryURL = "https://github.com/NIFCLOUD-mbaas/ncmb_swift";
			requirement = {
				kind = upToNextMajorVersion;
				minimumVersion = 1.2.0;
			};
		};
/* End XCRemoteSwiftPackageReference section */

/* Begin XCSwiftPackageProductDependency section */
		C774F46326E878F4001A20E3 /* NCMB */ = {
			isa = XCSwiftPackageProductDependency;
			package = C774F46226E878F4001A20E3 /* XCRemoteSwiftPackageReference "ncmb_swift" */;
			productName = NCMB;
		};
/* End XCSwiftPackageProductDependency section */
	};
	rootObject = C774F42C26E878E8001A20E3 /* Project object */;
}
